# This file is generated by running "yarn install" inside your project.
# Manual changes might be lost - proceed with caution!

__metadata:
  version: 8
  cacheKey: 10c0

"@tsconfig/node24@npm:^24.0.4":
  version: 24.0.4
  resolution: "@tsconfig/node24@npm:24.0.4"
  checksum: 10c0/9c5d4173204c6935c45d3ff0584fd423bd7d8bc3f6b246e646320ae584e4226b34ea1c66ec67cd16769c73e7e80f4cc562287b0acaa4ec81aa482463972ff83f
  languageName: node
  linkType: hard

"@types/node@npm:24":
  version: 24.12.0
  resolution: "@types/node@npm:24.12.0"
  dependencies:
    undici-types: "npm:~7.16.0"
  checksum: 10c0/8b31c0af5b5474f13048a4e77c57f22cd4f8fe6e58c4b6fde9456b0c13f46a5bfaf5744ff88fd089581de9f0d6e99c584e022681de7acb26a58d258c654c4843
  languageName: node
  linkType: hard

"hellojs@workspace:.":
  version: 0.0.0-use.local
  resolution: "hellojs@workspace:."
  dependencies:
    "@tsconfig/node24": "npm:^24.0.4"
    "@types/node": "npm:24"
    prettier: "npm:^3.8.1"
    typescript: "npm:^6.0.2"
  languageName: unknown
  linkType: soft

"prettier@npm:^3.8.1":
  version: 3.8.1
  resolution: "prettier@npm:3.8.1"
  bin:
    prettier: bin/prettier.cjs
  checksum: 10c0/33169b594009e48f570471271be7eac7cdcf88a209eed39ac3b8d6d78984039bfa9132f82b7e6ba3b06711f3bfe0222a62a1bfb87c43f50c25a83df1b78a2c42
  languageName: node
  linkType: hard

"typescript@npm:^6.0.2":
  version: 6.0.2
  resolution: "typescript@npm:6.0.2"
  bin:
    tsc: bin/tsc
    tsserver: bin/tsserver
  checksum: 10c0/4b860b0bf87cc0fee0f66d8ef2640b5a8a8a8c74d1129adb82e389e5f97124383823c47946bef8a73ede371461143a3aa8544399d2133c7b2e4f07e81860af7f
  languageName: node
  linkType: hard

"typescript@patch:typescript@npm%3A^6.0.2#optional!builtin<compat/typescript>":
  version: 6.0.2
  resolution: "typescript@patch:typescript@npm%3A6.0.2#optional!builtin<compat/typescript>::version=6.0.2&hash=5786d5"
  bin:
    tsc: bin/tsc
    tsserver: bin/tsserver
  checksum: 10c0/49f0b84fc6ca55653e77752b8a61beabc09ee3dae5d965c31596225aa6ef213c5727b1d2e895b900416dc603854ba0872ac4a812c2a4ed6793a601f9c675de02
  languageName: node
  linkType: hard

"undici-types@npm:~7.16.0":
  version: 7.16.0
  resolution: "undici-types@npm:7.16.0"
  checksum: 10c0/3033e2f2b5c9f1504bdc5934646cb54e37ecaca0f9249c983f7b1fc2e87c6d18399ebb05dc7fd5419e02b2e915f734d872a65da2e3eeed1813951c427d33cc9a
  languageName: node
  linkType: hard
